
Microsoft Visual Studio Solution File, Format Version 12.00
# Visual Studio 15
VisualStudioVersion = 15.0.27703.2000
MinimumVisualStudioVersion = 10.0.40219.1
Project("{FAE04EC0-301F-11D3-BF4B-00C04F79EFBC}") = "MobileCalculatorApp.Android", "MobileCalculatorApp\MobileCalculatorApp.Android\MobileCalculatorApp.Android.csproj", "{20FD89D0-25A8-40C2-A612-00370685C206}"
EndProject
Project("{FAE04EC0-301F-11D3-BF4B-00C04F79EFBC}") = "MobileCalculatorApp.iOS", "MobileCalculatorApp\MobileCalculatorApp.iOS\MobileCalculatorApp.iOS.csproj", "{29F282CE-0C50-4769-A7A9-1063EF5E4F96}"
EndProject
Project("{FAE04EC0-301F-11D3-BF4B-00C04F79EFBC}") = "MobileCalculatorApp.UWP", "MobileCalculatorApp\MobileCalculatorApp.UWP\MobileCalculatorApp.UWP.csproj", "{9BC38BD0-C041-4281-968C-5E83F850D636}"
EndProject
Project("{FAE04EC0-301F-11D3-BF4B-00C04F79EFBC}") = "MobileCalculatorApp", "MobileCalculatorApp\MobileCalculatorApp\MobileCalculatorApp.csproj", "{3C7E66CB-6E54-4EC5-A352-883E24184100}"
EndProject
Global
	GlobalSection(SolutionConfigurationPlatforms) = preSolution
		Ad-Hoc|Any CPU = Ad-Hoc|Any CPU
		Ad-Hoc|ARM = Ad-Hoc|ARM
		Ad-Hoc|iPhone = Ad-Hoc|iPhone
		Ad-Hoc|iPhoneSimulator = Ad-Hoc|iPhoneSimulator
		Ad-Hoc|x64 = Ad-Hoc|x64
		Ad-Hoc|x86 = Ad-Hoc|x86
		AppStore|Any CPU = AppStore|Any CPU
		AppStore|ARM = AppStore|ARM
		AppStore|iPhone = AppStore|iPhone
		AppStore|iPhoneSimulator = AppStore|iPhoneSimulator
		AppStore|x64 = AppStore|x64
		AppStore|x86 = AppStore|x86
		Debug|Any CPU = Debug|Any CPU
		Debug|ARM = Debug|ARM
		Debug|iPhone = Debug|iPhone
		Debug|iPhoneSimulator = Debug|iPhoneSimulator
		Debug|x64 = Debug|x64
		Debug|x86 = Debug|x86
		Release|Any CPU = Release|Any CPU
		Release|ARM = Release|ARM
		Release|iPhone = Release|iPhone
		Release|iPhoneSimulator = Release|iPhoneSimulator
		Release|x64 = Release|x64
		Release|x86 = Release|x86
	EndGlobalSection
	GlobalSection(ProjectConfigurationPlatforms) = postSolution
		{20FD89D0-25A8-40C2-A612-00370685C206}.Ad-Hoc|Any CPU.ActiveCfg = Release|Any CPU
		{20FD89D0-25A8-40C2-A612-00370685C206}.Ad-Hoc|Any CPU.Build.0 = Release|Any CPU
		{20FD89D0-25A8-40C2-A612-00370685C206}.Ad-Hoc|Any CPU.Deploy.0 = Release|Any CPU
		{20FD89D0-25A8-40C2-A612-00370685C206}.Ad-Hoc|ARM.ActiveCfg = Release|Any CPU
		{20FD89D0-25A8-40C2-A612-00370685C206}.Ad-Hoc|ARM.Build.0 = Release|Any CPU
		{20FD89D0-25A8-40C2-A612-00370685C206}.Ad-Hoc|ARM.Deploy.0 = Release|Any CPU
		{20FD89D0-25A8-40C2-A612-00370685C206}.Ad-Hoc|iPhone.ActiveCfg = Release|Any CPU
		{20FD89D0-25A8-40C2-A612-00370685C206}.Ad-Hoc|iPhone.Build.0 = Release|Any CPU
		{20FD89D0-25A8-40C2-A612-00370685C206}.Ad-Hoc|iPhone.Deploy.0 = Release|Any CPU
		{20FD89D0-25A8-40C2-A612-00370685C206}.Ad-Hoc|iPhoneSimulator.ActiveCfg = Release|Any CPU
		{20FD89D0-25A8-40C2-A612-00370685C206}.Ad-Hoc|iPhoneSimulator.Build.0 = Release|Any CPU
		{20FD89D0-25A8-40C2-A612-00370685C206}.Ad-Hoc|iPhoneSimulator.Deploy.0 = Release|Any CPU
		{20FD89D0-25A8-40C2-A612-00370685C206}.Ad-Hoc|x64.ActiveCfg = Release|Any CPU
		{20FD89D0-25A8-40C2-A612-00370685C206}.Ad-Hoc|x64.Build.0 = Release|Any CPU
		{20FD89D0-25A8-40C2-A612-00370685C206}.Ad-Hoc|x64.Deploy.0 = Release|Any CPU
		{20FD89D0-25A8-40C2-A612-00370685C206}.Ad-Hoc|x86.ActiveCfg = Release|Any CPU
		{20FD89D0-25A8-40C2-A612-00370685C206}.Ad-Hoc|x86.Build.0 = Release|Any CPU
		{20FD89D0-25A8-40C2-A612-00370685C206}.Ad-Hoc|x86.Deploy.0 = Release|Any CPU
		{20FD89D0-25A8-40C2-A612-00370685C206}.AppStore|Any CPU.ActiveCfg = Release|Any CPU
		{20FD89D0-25A8-40C2-A612-00370685C206}.AppStore|Any CPU.Build.0 = Release|Any CPU
		{20FD89D0-25A8-40C2-A612-00370685C206}.AppStore|Any CPU.Deploy.0 = Release|Any CPU
		{20FD89D0-25A8-40C2-A612-00370685C206}.AppStore|ARM.ActiveCfg = Release|Any CPU
		{20FD89D0-25A8-40C2-A612-00370685C206}.AppStore|ARM.Build.0 = Release|Any CPU
		{20FD89D0-25A8-40C2-A612-00370685C206}.AppStore|ARM.Deploy.0 = Release|Any CPU
		{20FD89D0-25A8-40C2-A612-00370685C206}.AppStore|iPhone.ActiveCfg = Release|Any CPU
		{20FD89D0-25A8-40C2-A612-00370685C206}.AppStore|iPhone.Build.0 = Release|Any CPU
		{20FD89D0-25A8-40C2-A612-00370685C206}.AppStore|iPhone.Deploy.0 = Release|Any CPU
		{20FD89D0-25A8-40C2-A612-00370685C206}.AppStore|iPhoneSimulator.ActiveCfg = Release|Any CPU
		{20FD89D0-25A8-40C2-A612-00370685C206}.AppStore|iPhoneSimulator.Build.0 = Release|Any CPU
		{20FD89D0-25A8-40C2-A612-00370685C206}.AppStore|iPhoneSimulator.Deploy.0 = Release|Any CPU
		{20FD89D0-25A8-40C2-A612-00370685C206}.AppStore|x64.ActiveCfg = Release|Any CPU
		{20FD89D0-25A8-40C2-A612-00370685C206}.AppStore|x64.Build.0 = Release|Any CPU
		{20FD89D0-25A8-40C2-A612-00370685C206}.AppStore|x64.Deploy.0 = Release|Any CPU
		{20FD89D0-25A8-40C2-A612-00370685C206}.AppStore|x86.ActiveCfg = Release|Any CPU
		{20FD89D0-25A8-40C2-A612-00370685C206}.AppStore|x86.Build.0 = Release|Any CPU
		{20FD89D0-25A8-40C2-A612-00370685C206}.AppStore|x86.Deploy.0 = Release|Any CPU
		{20FD89D0-25A8-40C2-A612-00370685C206}.Debug|Any CPU.ActiveCfg = Debug|Any CPU
		{20FD89D0-25A8-40C2-A612-00370685C206}.Debug|Any CPU.Build.0 = Debug|Any CPU
		{20FD89D0-25A8-40C2-A612-00370685C206}.Debug|Any CPU.Deploy.0 = Debug|Any CPU
		{20FD89D0-25A8-40C2-A612-00370685C206}.Debug|ARM.ActiveCfg = Debug|Any CPU
		{20FD89D0-25A8-40C2-A612-00370685C206}.Debug|ARM.Build.0 = Debug|Any CPU
		{20FD89D0-25A8-40C2-A612-00370685C206}.Debug|ARM.Deploy.0 = Debug|Any CPU
		{20FD89D0-25A8-40C2-A612-00370685C206}.Debug|iPhone.ActiveCfg = Debug|Any CPU
		{20FD89D0-25A8-40C2-A612-00370685C206}.Debug|iPhone.Build.0 = Debug|Any CPU
		{20FD89D0-25A8-40C2-A612-00370685C206}.Debug|iPhone.Deploy.0 = Debug|Any CPU
		{20FD89D0-25A8-40C2-A612-00370685C206}.Debug|iPhoneSimulator.ActiveCfg = Debug|Any CPU
		{20FD89D0-25A8-40C2-A612-00370685C206}.Debug|iPhoneSimulator.Build.0 = Debug|Any CPU
		{20FD89D0-25A8-40C2-A612-00370685C206}.Debug|iPhoneSimulator.Deploy.0 = Debug|Any CPU
		{20FD89D0-25A8-40C2-A612-00370685C206}.Debug|x64.ActiveCfg = Debug|Any CPU
		{20FD89D0-25A8-40C2-A612-00370685C206}.Debug|x64.Build.0 = Debug|Any CPU
		{20FD89D0-25A8-40C2-A612-00370685C206}.Debug|x64.Deploy.0 = Debug|Any CPU
		{20FD89D0-25A8-40C2-A612-00370685C206}.Debug|x86.ActiveCfg = Debug|Any CPU
		{20FD89D0-25A8-40C2-A612-00370685C206}.Debug|x86.Build.0 = Debug|Any CPU
		{20FD89D0-25A8-40C2-A612-00370685C206}.Debug|x86.Deploy.0 = Debug|Any CPU
		{20FD89D0-25A8-40C2-A612-00370685C206}.Release|Any CPU.ActiveCfg = Release|Any CPU
		{20FD89D0-25A8-40C2-A612-00370685C206}.Release|Any CPU.Build.0 = Release|Any CPU
		{20FD89D0-25A8-40C2-A612-00370685C206}.Release|Any CPU.Deploy.0 = Release|Any CPU
		{20FD89D0-25A8-40C2-A612-00370685C206}.Release|ARM.ActiveCfg = Release|Any CPU
		{20FD89D0-25A8-40C2-A612-00370685C206}.Release|ARM.Build.0 = Release|Any CPU
		{20FD89D0-25A8-40C2-A612-00370685C206}.Release|ARM.Deploy.0 = Release|Any CPU
		{20FD89D0-25A8-40C2-A612-00370685C206}.Release|iPhone.ActiveCfg = Release|Any CPU
		{20FD89D0-25A8-40C2-A612-00370685C206}.Release|iPhone.Build.0 = Release|Any CPU
		{20FD89D0-25A8-40C2-A612-00370685C206}.Release|iPhone.Deploy.0 = Release|Any CPU
		{20FD89D0-25A8-40C2-A612-00370685C206}.Release|iPhoneSimulator.ActiveCfg = Release|Any CPU
		{20FD89D0-25A8-40C2-A612-00370685C206}.Release|iPhoneSimulator.Build.0 = Release|Any CPU
		{20FD89D0-25A8-40C2-A612-00370685C206}.Release|iPhoneSimulator.Deploy.0 = Release|Any CPU
		{20FD89D0-25A8-40C2-A612-00370685C206}.Release|x64.ActiveCfg = Release|Any CPU
		{20FD89D0-25A8-40C2-A612-00370685C206}.Release|x64.Build.0 = Release|Any CPU
		{20FD89D0-25A8-40C2-A612-00370685C206}.Release|x64.Deploy.0 = Release|Any CPU
		{20FD89D0-25A8-40C2-A612-00370685C206}.Release|x86.ActiveCfg = Release|Any CPU
		{20FD89D0-25A8-40C2-A612-00370685C206}.Release|x86.Build.0 = Release|Any CPU
		{20FD89D0-25A8-40C2-A612-00370685C206}.Release|x86.Deploy.0 = Release|Any CPU
		{29F282CE-0C50-4769-A7A9-1063EF5E4F96}.Ad-Hoc|Any CPU.ActiveCfg = Ad-Hoc|iPhone
		{29F282CE-0C50-4769-A7A9-1063EF5E4F96}.Ad-Hoc|Any CPU.Build.0 = Ad-Hoc|iPhone
		{29F282CE-0C50-4769-A7A9-1063EF5E4F96}.Ad-Hoc|Any CPU.Deploy.0 = Ad-Hoc|iPhone
		{29F282CE-0C50-4769-A7A9-1063EF5E4F96}.Ad-Hoc|ARM.ActiveCfg = Ad-Hoc|iPhone
		{29F282CE-0C50-4769-A7A9-1063EF5E4F96}.Ad-Hoc|ARM.Build.0 = Ad-Hoc|iPhone
		{29F282CE-0C50-4769-A7A9-1063EF5E4F96}.Ad-Hoc|ARM.Deploy.0 = Ad-Hoc|iPhone
		{29F282CE-0C50-4769-A7A9-1063EF5E4F96}.Ad-Hoc|iPhone.ActiveCfg = Ad-Hoc|iPhone
		{29F282CE-0C50-4769-A7A9-1063EF5E4F96}.Ad-Hoc|iPhone.Build.0 = Ad-Hoc|iPhone
		{29F282CE-0C50-4769-A7A9-1063EF5E4F96}.Ad-Hoc|iPhone.Deploy.0 = Ad-Hoc|iPhone
		{29F282CE-0C50-4769-A7A9-1063EF5E4F96}.Ad-Hoc|iPhoneSimulator.ActiveCfg = Ad-Hoc|iPhoneSimulator
		{29F282CE-0C50-4769-A7A9-1063EF5E4F96}.Ad-Hoc|iPhoneSimulator.Build.0 = Ad-Hoc|iPhoneSimulator
		{29F282CE-0C50-4769-A7A9-1063EF5E4F96}.Ad-Hoc|iPhoneSimulator.Deploy.0 = Ad-Hoc|iPhoneSimulator
		{29F282CE-0C50-4769-A7A9-1063EF5E4F96}.Ad-Hoc|x64.ActiveCfg = Ad-Hoc|iPhone
		{29F282CE-0C50-4769-A7A9-1063EF5E4F96}.Ad-Hoc|x64.Build.0 = Ad-Hoc|iPhone
		{29F282CE-0C50-4769-A7A9-1063EF5E4F96}.Ad-Hoc|x64.Deploy.0 = Ad-Hoc|iPhone
		{29F282CE-0C50-4769-A7A9-1063EF5E4F96}.Ad-Hoc|x86.ActiveCfg = Ad-Hoc|iPhone
		{29F282CE-0C50-4769-A7A9-1063EF5E4F96}.Ad-Hoc|x86.Build.0 = Ad-Hoc|iPhone
		{29F282CE-0C50-4769-A7A9-1063EF5E4F96}.Ad-Hoc|x86.Deploy.0 = Ad-Hoc|iPhone
		{29F282CE-0C50-4769-A7A9-1063EF5E4F96}.AppStore|Any CPU.ActiveCfg = AppStore|iPhone
		{29F282CE-0C50-4769-A7A9-1063EF5E4F96}.AppStore|Any CPU.Build.0 = AppStore|iPhone
		{29F282CE-0C50-4769-A7A9-1063EF5E4F96}.AppStore|Any CPU.Deploy.0 = AppStore|iPhone
		{29F282CE-0C50-4769-A7A9-1063EF5E4F96}.AppStore|ARM.ActiveCfg = AppStore|iPhone
		{29F282CE-0C50-4769-A7A9-1063EF5E4F96}.AppStore|ARM.Build.0 = AppStore|iPhone
		{29F282CE-0C50-4769-A7A9-1063EF5E4F96}.AppStore|ARM.Deploy.0 = AppStore|iPhone
		{29F282CE-0C50-4769-A7A9-1063EF5E4F96}.AppStore|iPhone.ActiveCfg = AppStore|iPhone
		{29F282CE-0C50-4769-A7A9-1063EF5E4F96}.AppStore|iPhone.Build.0 = AppStore|iPhone
		{29F282CE-0C50-4769-A7A9-1063EF5E4F96}.AppStore|iPhone.Deploy.0 = AppStore|iPhone
		{29F282CE-0C50-4769-A7A9-1063EF5E4F96}.AppStore|iPhoneSimulator.ActiveCfg = AppStore|iPhoneSimulator
		{29F282CE-0C50-4769-A7A9-1063EF5E4F96}.AppStore|iPhoneSimulator.Build.0 = AppStore|iPhoneSimulator
		{29F282CE-0C50-4769-A7A9-1063EF5E4F96}.AppStore|iPhoneSimulator.Deploy.0 = AppStore|iPhoneSimulator
		{29F282CE-0C50-4769-A7A9-1063EF5E4F96}.AppStore|x64.ActiveCfg = AppStore|iPhone
		{29F282CE-0C50-4769-A7A9-1063EF5E4F96}.AppStore|x64.Build.0 = AppStore|iPhone
		{29F282CE-0C50-4769-A7A9-1063EF5E4F96}.AppStore|x64.Deploy.0 = AppStore|iPhone
		{29F282CE-0C50-4769-A7A9-1063EF5E4F96}.AppStore|x86.ActiveCfg = AppStore|iPhone
		{29F282CE-0C50-4769-A7A9-1063EF5E4F96}.AppStore|x86.Build.0 = AppStore|iPhone
		{29F282CE-0C50-4769-A7A9-1063EF5E4F96}.AppStore|x86.Deploy.0 = AppStore|iPhone
		{29F282CE-0C50-4769-A7A9-1063EF5E4F96}.Debug|Any CPU.ActiveCfg = Debug|iPhoneSimulator
		{29F282CE-0C50-4769-A7A9-1063EF5E4F96}.Debug|Any CPU.Build.0 = Debug|iPhoneSimulator
		{29F282CE-0C50-4769-A7A9-1063EF5E4F96}.Debug|Any CPU.Deploy.0 = Debug|iPhoneSimulator
		{29F282CE-0C50-4769-A7A9-1063EF5E4F96}.Debug|ARM.ActiveCfg = Debug|iPhone
		{29F282CE-0C50-4769-A7A9-1063EF5E4F96}.Debug|ARM.Build.0 = Debug|iPhone
		{29F282CE-0C50-4769-A7A9-1063EF5E4F96}.Debug|ARM.Deploy.0 = Debug|iPhone
		{29F282CE-0C50-4769-A7A9-1063EF5E4F96}.Debug|iPhone.ActiveCfg = Debug|iPhone
		{29F282CE-0C50-4769-A7A9-1063EF5E4F96}.Debug|iPhone.Build.0 = Debug|iPhone
		{29F282CE-0C50-4769-A7A9-1063EF5E4F96}.Debug|iPhone.Deploy.0 = Debug|iPhone
		{29F282CE-0C50-4769-A7A9-1063EF5E4F96}.Debug|iPhoneSimulator.ActiveCfg = Debug|iPhoneSimulator
		{29F282CE-0C50-4769-A7A9-1063EF5E4F96}.Debug|iPhoneSimulator.Build.0 = Debug|iPhoneSimulator
		{29F282CE-0C50-4769-A7A9-1063EF5E4F96}.Debug|iPhoneSimulator.Deploy.0 = Debug|iPhoneSimulator
		{29F282CE-0C50-4769-A7A9-1063EF5E4F96}.Debug|x64.ActiveCfg = Debug|iPhone
		{29F282CE-0C50-4769-A7A9-1063EF5E4F96}.Debug|x64.Build.0 = Debug|iPhone
		{29F282CE-0C50-4769-A7A9-1063EF5E4F96}.Debug|x64.Deploy.0 = Debug|iPhone
		{29F282CE-0C50-4769-A7A9-1063EF5E4F96}.Debug|x86.ActiveCfg = Debug|iPhone
		{29F282CE-0C50-4769-A7A9-1063EF5E4F96}.Debug|x86.Build.0 = Debug|iPhone
		{29F282CE-0C50-4769-A7A9-1063EF5E4F96}.Debug|x86.Deploy.0 = Debug|iPhone
		{29F282CE-0C50-4769-A7A9-1063EF5E4F96}.Release|Any CPU.ActiveCfg = Release|iPhone
		{29F282CE-0C50-4769-A7A9-1063EF5E4F96}.Release|Any CPU.Build.0 = Release|iPhone
		{29F282CE-0C50-4769-A7A9-1063EF5E4F96}.Release|Any CPU.Deploy.0 = Release|iPhone
		{29F282CE-0C50-4769-A7A9-1063EF5E4F96}.Release|ARM.ActiveCfg = Release|iPhone
		{29F282CE-0C50-4769-A7A9-1063EF5E4F96}.Release|ARM.Build.0 = Release|iPhone
		{29F282CE-0C50-4769-A7A9-1063EF5E4F96}.Release|ARM.Deploy.0 = Release|iPhone
		{29F282CE-0C50-4769-A7A9-1063EF5E4F96}.Release|iPhone.ActiveCfg = Release|iPhone
		{29F282CE-0C50-4769-A7A9-1063EF5E4F96}.Release|iPhone.Build.0 = Release|iPhone
		{29F282CE-0C50-4769-A7A9-1063EF5E4F96}.Release|iPhone.Deploy.0 = Release|iPhone
		{29F282CE-0C50-4769-A7A9-1063EF5E4F96}.Release|iPhoneSimulator.ActiveCfg = Release|iPhoneSimulator
		{29F282CE-0C50-4769-A7A9-1063EF5E4F96}.Release|iPhoneSimulator.Build.0 = Release|iPhoneSimulator
		{29F282CE-0C50-4769-A7A9-1063EF5E4F96}.Release|iPhoneSimulator.Deploy.0 = Release|iPhoneSimulator
		{29F282CE-0C50-4769-A7A9-1063EF5E4F96}.Release|x64.ActiveCfg = Release|iPhone
		{29F282CE-0C50-4769-A7A9-1063EF5E4F96}.Release|x64.Build.0 = Release|iPhone
		{29F282CE-0C50-4769-A7A9-1063EF5E4F96}.Release|x64.Deploy.0 = Release|iPhone
		{29F282CE-0C50-4769-A7A9-1063EF5E4F96}.Release|x86.ActiveCfg = Release|iPhone
		{29F282CE-0C50-4769-A7A9-1063EF5E4F96}.Release|x86.Build.0 = Release|iPhone
		{29F282CE-0C50-4769-A7A9-1063EF5E4F96}.Release|x86.Deploy.0 = Release|iPhone
		{9BC38BD0-C041-4281-968C-5E83F850D636}.Ad-Hoc|Any CPU.ActiveCfg = Release|x86
		{9BC38BD0-C041-4281-968C-5E83F850D636}.Ad-Hoc|Any CPU.Build.0 = Release|x86
		{9BC38BD0-C041-4281-968C-5E83F850D636}.Ad-Hoc|Any CPU.Deploy.0 = Release|x86
		{9BC38BD0-C041-4281-968C-5E83F850D636}.Ad-Hoc|ARM.ActiveCfg = Release|ARM
		{9BC38BD0-C041-4281-968C-5E83F850D636}.Ad-Hoc|ARM.Build.0 = Release|ARM
		{9BC38BD0-C041-4281-968C-5E83F850D636}.Ad-Hoc|ARM.Deploy.0 = Release|ARM
		{9BC38BD0-C041-4281-968C-5E83F850D636}.Ad-Hoc|iPhone.ActiveCfg = Release|x86
		{9BC38BD0-C041-4281-968C-5E83F850D636}.Ad-Hoc|iPhone.Build.0 = Release|x86
		{9BC38BD0-C041-4281-968C-5E83F850D636}.Ad-Hoc|iPhone.Deploy.0 = Release|x86
		{9BC38BD0-C041-4281-968C-5E83F850D636}.Ad-Hoc|iPhoneSimulator.ActiveCfg = Release|x86
		{9BC38BD0-C041-4281-968C-5E83F850D636}.Ad-Hoc|iPhoneSimulator.Build.0 = Release|x86
		{9BC38BD0-C041-4281-968C-5E83F850D636}.Ad-Hoc|iPhoneSimulator.Deploy.0 = Release|x86
		{9BC38BD0-C041-4281-968C-5E83F850D636}.Ad-Hoc|x64.ActiveCfg = Release|x64
		{9BC38BD0-C041-4281-968C-5E83F850D636}.Ad-Hoc|x64.Build.0 = Release|x64
		{9BC38BD0-C041-4281-968C-5E83F850D636}.Ad-Hoc|x64.Deploy.0 = Release|x64
		{9BC38BD0-C041-4281-968C-5E83F850D636}.Ad-Hoc|x86.ActiveCfg = Release|x86
		{9BC38BD0-C041-4281-968C-5E83F850D636}.Ad-Hoc|x86.Build.0 = Release|x86
		{9BC38BD0-C041-4281-968C-5E83F850D636}.Ad-Hoc|x86.Deploy.0 = Release|x86
		{9BC38BD0-C041-4281-968C-5E83F850D636}.AppStore|Any CPU.ActiveCfg = Release|x86
		{9BC38BD0-C041-4281-968C-5E83F850D636}.AppStore|Any CPU.Build.0 = Release|x86
		{9BC38BD0-C041-4281-968C-5E83F850D636}.AppStore|Any CPU.Deploy.0 = Release|x86
		{9BC38BD0-C041-4281-968C-5E83F850D636}.AppStore|ARM.ActiveCfg = Release|ARM
		{9BC38BD0-C041-4281-968C-5E83F850D636}.AppStore|ARM.Build.0 = Release|ARM
		{9BC38BD0-C041-4281-968C-5E83F850D636}.AppStore|ARM.Deploy.0 = Release|ARM
		{9BC38BD0-C041-4281-968C-5E83F850D636}.AppStore|iPhone.ActiveCfg = Release|x86
		{9BC38BD0-C041-4281-968C-5E83F850D636}.AppStore|iPhone.Build.0 = Release|x86
		{9BC38BD0-C041-4281-968C-5E83F850D636}.AppStore|iPhone.Deploy.0 = Release|x86
		{9BC38BD0-C041-4281-968C-5E83F850D636}.AppStore|iPhoneSimulator.ActiveCfg = Release|x86
		{9BC38BD0-C041-4281-968C-5E83F850D636}.AppStore|iPhoneSimulator.Build.0 = Release|x86
		{9BC38BD0-C041-4281-968C-5E83F850D636}.AppStore|iPhoneSimulator.Deploy.0 = Release|x86
		{9BC38BD0-C041-4281-968C-5E83F850D636}.AppStore|x64.ActiveCfg = Release|x64
		{9BC38BD0-C041-4281-968C-5E83F850D636}.AppStore|x64.Build.0 = Release|x64
		{9BC38BD0-C041-4281-968C-5E83F850D636}.AppStore|x64.Deploy.0 = Release|x64
		{9BC38BD0-C041-4281-968C-5E83F850D636}.AppStore|x86.ActiveCfg = Release|x86
		{9BC38BD0-C041-4281-968C-5E83F850D636}.AppStore|x86.Build.0 = Release|x86
		{9BC38BD0-C041-4281-968C-5E83F850D636}.AppStore|x86.Deploy.0 = Release|x86
		{9BC38BD0-C041-4281-968C-5E83F850D636}.Debug|Any CPU.ActiveCfg = Debug|x86
		{9BC38BD0-C041-4281-968C-5E83F850D636}.Debug|Any CPU.Build.0 = Debug|x86
		{9BC38BD0-C041-4281-968C-5E83F850D636}.Debug|Any CPU.Deploy.0 = Debug|x86
		{9BC38BD0-C041-4281-968C-5E83F850D636}.Debug|ARM.ActiveCfg = Debug|ARM
		{9BC38BD0-C041-4281-968C-5E83F850D636}.Debug|ARM.Build.0 = Debug|ARM
		{9BC38BD0-C041-4281-968C-5E83F850D636}.Debug|ARM.Deploy.0 = Debug|ARM
		{9BC38BD0-C041-4281-968C-5E83F850D636}.Debug|iPhone.ActiveCfg = Debug|x86
		{9BC38BD0-C041-4281-968C-5E83F850D636}.Debug|iPhone.Build.0 = Debug|x86
		{9BC38BD0-C041-4281-968C-5E83F850D636}.Debug|iPhone.Deploy.0 = Debug|x86
		{9BC38BD0-C041-4281-968C-5E83F850D636}.Debug|iPhoneSimulator.ActiveCfg = Debug|x86
		{9BC38BD0-C041-4281-968C-5E83F850D636}.Debug|iPhoneSimulator.Build.0 = Debug|x86
		{9BC38BD0-C041-4281-968C-5E83F850D636}.Debug|iPhoneSimulator.Deploy.0 = Debug|x86
		{9BC38BD0-C041-4281-968C-5E83F850D636}.Debug|x64.ActiveCfg = Debug|x64
		{9BC38BD0-C041-4281-968C-5E83F850D636}.Debug|x64.Build.0 = Debug|x64
		{9BC38BD0-C041-4281-968C-5E83F850D636}.Debug|x64.Deploy.0 = Debug|x64
		{9BC38BD0-C041-4281-968C-5E83F850D636}.Debug|x86.ActiveCfg = Debug|x86
		{9BC38BD0-C041-4281-968C-5E83F850D636}.Debug|x86.Build.0 = Debug|x86
		{9BC38BD0-C041-4281-968C-5E83F850D636}.Debug|x86.Deploy.0 = Debug|x86
		{9BC38BD0-C041-4281-968C-5E83F850D636}.Release|Any CPU.ActiveCfg = Release|x86
		{9BC38BD0-C041-4281-968C-5E83F850D636}.Release|Any CPU.Build.0 = Release|x86
		{9BC38BD0-C041-4281-968C-5E83F850D636}.Release|Any CPU.Deploy.0 = Release|x86
		{9BC38BD0-C041-4281-968C-5E83F850D636}.Release|ARM.ActiveCfg = Release|ARM
		{9BC38BD0-C041-4281-968C-5E83F850D636}.Release|ARM.Build.0 = Release|ARM
		{9BC38BD0-C041-4281-968C-5E83F850D636}.Release|ARM.Deploy.0 = Release|ARM
		{9BC38BD0-C041-4281-968C-5E83F850D636}.Release|iPhone.ActiveCfg = Release|x86
		{9BC38BD0-C041-4281-968C-5E83F850D636}.Release|iPhone.Build.0 = Release|x86
		{9BC38BD0-C041-4281-968C-5E83F850D636}.Release|iPhone.Deploy.0 = Release|x86
		{9BC38BD0-C041-4281-968C-5E83F850D636}.Release|iPhoneSimulator.ActiveCfg = Release|x86
		{9BC38BD0-C041-4281-968C-5E83F850D636}.Release|iPhoneSimulator.Build.0 = Release|x86
		{9BC38BD0-C041-4281-968C-5E83F850D636}.Release|iPhoneSimulator.Deploy.0 = Release|x86
		{9BC38BD0-C041-4281-968C-5E83F850D636}.Release|x64.ActiveCfg = Release|x64
		{9BC38BD0-C041-4281-968C-5E83F850D636}.Release|x64.Build.0 = Release|x64
		{9BC38BD0-C041-4281-968C-5E83F850D636}.Release|x64.Deploy.0 = Release|x64
		{9BC38BD0-C041-4281-968C-5E83F850D636}.Release|x86.ActiveCfg = Release|x86
		{9BC38BD0-C041-4281-968C-5E83F850D636}.Release|x86.Build.0 = Release|x86
		{9BC38BD0-C041-4281-968C-5E83F850D636}.Release|x86.Deploy.0 = Release|x86
		{3C7E66CB-6E54-4EC5-A352-883E24184100}.Ad-Hoc|Any CPU.ActiveCfg = Debug|Any CPU
		{3C7E66CB-6E54-4EC5-A352-883E24184100}.Ad-Hoc|Any CPU.Build.0 = Debug|Any CPU
		{3C7E66CB-6E54-4EC5-A352-883E24184100}.Ad-Hoc|Any CPU.Deploy.0 = Debug|Any CPU
		{3C7E66CB-6E54-4EC5-A352-883E24184100}.Ad-Hoc|ARM.ActiveCfg = Debug|Any CPU
		{3C7E66CB-6E54-4EC5-A352-883E24184100}.Ad-Hoc|ARM.Build.0 = Debug|Any CPU
		{3C7E66CB-6E54-4EC5-A352-883E24184100}.Ad-Hoc|ARM.Deploy.0 = Debug|Any CPU
		{3C7E66CB-6E54-4EC5-A352-883E24184100}.Ad-Hoc|iPhone.ActiveCfg = Debug|Any CPU
		{3C7E66CB-6E54-4EC5-A352-883E24184100}.Ad-Hoc|iPhone.Build.0 = Debug|Any CPU
		{3C7E66CB-6E54-4EC5-A352-883E24184100}.Ad-Hoc|iPhone.Deploy.0 = Debug|Any CPU
		{3C7E66CB-6E54-4EC5-A352-883E24184100}.Ad-Hoc|iPhoneSimulator.ActiveCfg = Debug|Any CPU
		{3C7E66CB-6E54-4EC5-A352-883E24184100}.Ad-Hoc|iPhoneSimulator.Build.0 = Debug|Any CPU
		{3C7E66CB-6E54-4EC5-A352-883E24184100}.Ad-Hoc|iPhoneSimulator.Deploy.0 = Debug|Any CPU
		{3C7E66CB-6E54-4EC5-A352-883E24184100}.Ad-Hoc|x64.ActiveCfg = Debug|Any CPU
		{3C7E66CB-6E54-4EC5-A352-883E24184100}.Ad-Hoc|x64.Build.0 = Debug|Any CPU
		{3C7E66CB-6E54-4EC5-A352-883E24184100}.Ad-Hoc|x64.Deploy.0 = Debug|Any CPU
		{3C7E66CB-6E54-4EC5-A352-883E24184100}.Ad-Hoc|x86.ActiveCfg = Debug|Any CPU
		{3C7E66CB-6E54-4EC5-A352-883E24184100}.Ad-Hoc|x86.Build.0 = Debug|Any CPU
		{3C7E66CB-6E54-4EC5-A352-883E24184100}.Ad-Hoc|x86.Deploy.0 = Debug|Any CPU
		{3C7E66CB-6E54-4EC5-A352-883E24184100}.AppStore|Any CPU.ActiveCfg = Debug|Any CPU
		{3C7E66CB-6E54-4EC5-A352-883E24184100}.AppStore|Any CPU.Build.0 = Debug|Any CPU
		{3C7E66CB-6E54-4EC5-A352-883E24184100}.AppStore|Any CPU.Deploy.0 = Debug|Any CPU
		{3C7E66CB-6E54-4EC5-A352-883E24184100}.AppStore|ARM.ActiveCfg = Debug|Any CPU
		{3C7E66CB-6E54-4EC5-A352-883E24184100}.AppStore|ARM.Build.0 = Debug|Any CPU
		{3C7E66CB-6E54-4EC5-A352-883E24184100}.AppStore|ARM.Deploy.0 = Debug|Any CPU
		{3C7E66CB-6E54-4EC5-A352-883E24184100}.AppStore|iPhone.ActiveCfg = Debug|Any CPU
		{3C7E66CB-6E54-4EC5-A352-883E24184100}.AppStore|iPhone.Build.0 = Debug|Any CPU
		{3C7E66CB-6E54-4EC5-A352-883E24184100}.AppStore|iPhone.Deploy.0 = Debug|Any CPU
		{3C7E66CB-6E54-4EC5-A352-883E24184100}.AppStore|iPhoneSimulator.ActiveCfg = Debug|Any CPU
		{3C7E66CB-6E54-4EC5-A352-883E24184100}.AppStore|iPhoneSimulator.Build.0 = Debug|Any CPU
		{3C7E66CB-6E54-4EC5-A352-883E24184100}.AppStore|iPhoneSimulator.Deploy.0 = Debug|Any CPU
		{3C7E66CB-6E54-4EC5-A352-883E24184100}.AppStore|x64.ActiveCfg = Debug|Any CPU
		{3C7E66CB-6E54-4EC5-A352-883E24184100}.AppStore|x64.Build.0 = Debug|Any CPU
		{3C7E66CB-6E54-4EC5-A352-883E24184100}.AppStore|x64.Deploy.0 = Debug|Any CPU
		{3C7E66CB-6E54-4EC5-A352-883E24184100}.AppStore|x86.ActiveCfg = Debug|Any CPU
		{3C7E66CB-6E54-4EC5-A352-883E24184100}.AppStore|x86.Build.0 = Debug|Any CPU
		{3C7E66CB-6E54-4EC5-A352-883E24184100}.AppStore|x86.Deploy.0 = Debug|Any CPU
		{3C7E66CB-6E54-4EC5-A352-883E24184100}.Debug|Any CPU.ActiveCfg = Debug|Any CPU
		{3C7E66CB-6E54-4EC5-A352-883E24184100}.Debug|Any CPU.Build.0 = Debug|Any CPU
		{3C7E66CB-6E54-4EC5-A352-883E24184100}.Debug|Any CPU.Deploy.0 = Debug|Any CPU
		{3C7E66CB-6E54-4EC5-A352-883E24184100}.Debug|ARM.ActiveCfg = Debug|Any CPU
		{3C7E66CB-6E54-4EC5-A352-883E24184100}.Debug|ARM.Build.0 = Debug|Any CPU
		{3C7E66CB-6E54-4EC5-A352-883E24184100}.Debug|ARM.Deploy.0 = Debug|Any CPU
		{3C7E66CB-6E54-4EC5-A352-883E24184100}.Debug|iPhone.ActiveCfg = Debug|Any CPU
		{3C7E66CB-6E54-4EC5-A352-883E24184100}.Debug|iPhone.Build.0 = Debug|Any CPU
		{3C7E66CB-6E54-4EC5-A352-883E24184100}.Debug|iPhone.Deploy.0 = Debug|Any CPU
		{3C7E66CB-6E54-4EC5-A352-883E24184100}.Debug|iPhoneSimulator.ActiveCfg = Debug|Any CPU
		{3C7E66CB-6E54-4EC5-A352-883E24184100}.Debug|iPhoneSimulator.Build.0 = Debug|Any CPU
		{3C7E66CB-6E54-4EC5-A352-883E24184100}.Debug|iPhoneSimulator.Deploy.0 = Debug|Any CPU
		{3C7E66CB-6E54-4EC5-A352-883E24184100}.Debug|x64.ActiveCfg = Debug|Any CPU
		{3C7E66CB-6E54-4EC5-A352-883E24184100}.Debug|x64.Build.0 = Debug|Any CPU
		{3C7E66CB-6E54-4EC5-A352-883E24184100}.Debug|x64.Deploy.0 = Debug|Any CPU
		{3C7E66CB-6E54-4EC5-A352-883E24184100}.Debug|x86.ActiveCfg = Debug|Any CPU
		{3C7E66CB-6E54-4EC5-A352-883E24184100}.Debug|x86.Build.0 = Debug|Any CPU
		{3C7E66CB-6E54-4EC5-A352-883E24184100}.Debug|x86.Deploy.0 = Debug|Any CPU
		{3C7E66CB-6E54-4EC5-A352-883E24184100}.Release|Any CPU.ActiveCfg = Release|Any CPU
		{3C7E66CB-6E54-4EC5-A352-883E24184100}.Release|Any CPU.Build.0 = Release|Any CPU
		{3C7E66CB-6E54-4EC5-A352-883E24184100}.Release|Any CPU.Deploy.0 = Release|Any CPU
		{3C7E66CB-6E54-4EC5-A352-883E24184100}.Release|ARM.ActiveCfg = Release|Any CPU
		{3C7E66CB-6E54-4EC5-A352-883E24184100}.Release|ARM.Build.0 = Release|Any CPU
		{3C7E66CB-6E54-4EC5-A352-883E24184100}.Release|ARM.Deploy.0 = Release|Any CPU
		{3C7E66CB-6E54-4EC5-A352-883E24184100}.Release|iPhone.ActiveCfg = Release|Any CPU
		{3C7E66CB-6E54-4EC5-A352-883E24184100}.Release|iPhone.Build.0 = Release|Any CPU
		{3C7E66CB-6E54-4EC5-A352-883E24184100}.Release|iPhone.Deploy.0 = Release|Any CPU
		{3C7E66CB-6E54-4EC5-A352-883E24184100}.Release|iPhoneSimulator.ActiveCfg = Release|Any CPU
		{3C7E66CB-6E54-4EC5-A352-883E24184100}.Release|iPhoneSimulator.Build.0 = Release|Any CPU
		{3C7E66CB-6E54-4EC5-A352-883E24184100}.Release|iPhoneSimulator.Deploy.0 = Release|Any CPU
		{3C7E66CB-6E54-4EC5-A352-883E24184100}.Release|x64.ActiveCfg = Release|Any CPU
		{3C7E66CB-6E54-4EC5-A352-883E24184100}.Release|x64.Build.0 = Release|Any CPU
		{3C7E66CB-6E54-4EC5-A352-883E24184100}.Release|x64.Deploy.0 = Release|Any CPU
		{3C7E66CB-6E54-4EC5-A352-883E24184100}.Release|x86.ActiveCfg = Release|Any CPU
		{3C7E66CB-6E54-4EC5-A352-883E24184100}.Release|x86.Build.0 = Release|Any CPU
		{3C7E66CB-6E54-4EC5-A352-883E24184100}.Release|x86.Deploy.0 = Release|Any CPU
	EndGlobalSection
	GlobalSection(SolutionProperties) = preSolution
		HideSolutionNode = FALSE
	EndGlobalSection
	GlobalSection(ExtensibilityGlobals) = postSolution
		SolutionGuid = {06770320-4E01-45A5-A55A-5AD4E8415B31}
	EndGlobalSection
EndGlobal
